
Microsoft Visual Studio Solution File, Format Version 12.00
# Visual Studio Version 16
VisualStudioVersion = 16.0.30503.244
MinimumVisualStudioVersion = 10.0.40219.1
Project("{FAE04EC0-301F-11D3-BF4B-00C04F79EFBC}") = "LetMeDieCSharp3", "LetMeDieCSharp3\LetMeDieCSharp3.csproj", "{CED22F6E-B801-4B50-B069-1F4C6B7555D3}"
EndProject
Global
	GlobalSection(SolutionConfigurationPlatforms) = preSolution
		Debug|Any CPU = Debug|Any CPU
		Release|Any CPU = Release|Any CPU
	EndGlobalSection
	GlobalSection(ProjectConfigurationPlatforms) = postSolution
		{CED22F6E-B801-4B50-B069-1F4C6B7555D3}.Debug|Any CPU.ActiveCfg = Debug|Any CPU
		{CED22F6E-B801-4B50-B069-1F4C6B7555D3}.Debug|Any CPU.Build.0 = Debug|Any CPU
		{CED22F6E-B801-4B50-B069-1F4C6B7555D3}.Release|Any CPU.ActiveCfg = Release|Any CPU
		{CED22F6E-B801-4B50-B069-1F4C6B7555D3}.Release|Any CPU.Build.0 = Release|Any CPU
	EndGlobalSection
	GlobalSection(SolutionProperties) = preSolution
		HideSolutionNode = FALSE
	EndGlobalSection
	GlobalSection(ExtensibilityGlobals) = postSolution
		SolutionGuid = {20EA8223-D6FD-495B-A91A-16718B83A708}
	EndGlobalSection
EndGlobal
